
Microsoft Visual Studio Solution File, Format Version 12.00
# Visual Studio Version 17
VisualStudioVersion = 17.8.34525.116
MinimumVisualStudioVersion = 10.0.40219.1
Project("{9A19103F-16F7-4668-BE54-9A1E7A4F7556}") = "FormulaOne.Application", "src\FormulaOne.Application\FormulaOne.Application.csproj", "{7F5DE355-F47D-4B3F-B7B5-AAFE3A3A3A44}"
EndProject
Project("{9A19103F-16F7-4668-BE54-9A1E7A4F7556}") = "FormulaOne.Api", "src\FormulaOne.Api\FormulaOne.Api.csproj", "{6D8D4260-8CA0-4ACD-A592-557B609C3900}"
EndProject
Project("{9A19103F-16F7-4668-BE54-9A1E7A4F7556}") = "FormulaOne.Infrastructure", "src\FormulaOne.Infrastructure\FormulaOne.Infrastructure.csproj", "{F9483D54-1193-4CD6-B83D-942C19EC385A}"
EndProject
Project("{E53339B2-1760-4266-BCC7-CA923CBCF16C}") = "docker-compose", "docker-compose.dcproj", "{54D8C63E-29D9-4C02-BA46-C52347FABCDE}"
EndProject
Project("{FAE04EC0-301F-11D3-BF4B-00C04F79EFBC}") = "FormulaOne.Core", "src\FormulaOne.Core\FormulaOne.Core.csproj", "{DF1B3D51-4F8B-4FEA-911D-7D4A49AFCB78}"
EndProject
Project("{FAE04EC0-301F-11D3-BF4B-00C04F79EFBC}") = "FormulaOne.Tests.Unit", "tests\FormulaOne.Tests.Unit\FormulaOne.Tests.Unit.csproj", "{80DB8D63-5982-4035-8AA6-7613C55388E8}"
EndProject
Project("{FAE04EC0-301F-11D3-BF4B-00C04F79EFBC}") = "FormulaOne.Tests.Integration", "tests\FormulaOne.Tests.Integration\FormulaOne.Tests.Integration.csproj", "{C6659710-4A68-4191-B8DC-8E97D93601EB}"
EndProject
Global
	GlobalSection(SolutionConfigurationPlatforms) = preSolution
		Debug|Any CPU = Debug|Any CPU
		Release|Any CPU = Release|Any CPU
	EndGlobalSection
	GlobalSection(ProjectConfigurationPlatforms) = postSolution
		{7F5DE355-F47D-4B3F-B7B5-AAFE3A3A3A44}.Debug|Any CPU.ActiveCfg = Debug|Any CPU
		{7F5DE355-F47D-4B3F-B7B5-AAFE3A3A3A44}.Debug|Any CPU.Build.0 = Debug|Any CPU
		{7F5DE355-F47D-4B3F-B7B5-AAFE3A3A3A44}.Release|Any CPU.ActiveCfg = Release|Any CPU
		{7F5DE355-F47D-4B3F-B7B5-AAFE3A3A3A44}.Release|Any CPU.Build.0 = Release|Any CPU
		{6D8D4260-8CA0-4ACD-A592-557B609C3900}.Debug|Any CPU.ActiveCfg = Debug|Any CPU
		{6D8D4260-8CA0-4ACD-A592-557B609C3900}.Debug|Any CPU.Build.0 = Debug|Any CPU
		{6D8D4260-8CA0-4ACD-A592-557B609C3900}.Release|Any CPU.ActiveCfg = Release|Any CPU
		{6D8D4260-8CA0-4ACD-A592-557B609C3900}.Release|Any CPU.Build.0 = Release|Any CPU
		{F9483D54-1193-4CD6-B83D-942C19EC385A}.Debug|Any CPU.ActiveCfg = Debug|Any CPU
		{F9483D54-1193-4CD6-B83D-942C19EC385A}.Debug|Any CPU.Build.0 = Debug|Any CPU
		{F9483D54-1193-4CD6-B83D-942C19EC385A}.Release|Any CPU.ActiveCfg = Release|Any CPU
		{F9483D54-1193-4CD6-B83D-942C19EC385A}.Release|Any CPU.Build.0 = Release|Any CPU
		{54D8C63E-29D9-4C02-BA46-C52347FABCDE}.Debug|Any CPU.ActiveCfg = Debug|Any CPU
		{54D8C63E-29D9-4C02-BA46-C52347FABCDE}.Debug|Any CPU.Build.0 = Debug|Any CPU
		{54D8C63E-29D9-4C02-BA46-C52347FABCDE}.Release|Any CPU.ActiveCfg = Release|Any CPU
		{54D8C63E-29D9-4C02-BA46-C52347FABCDE}.Release|Any CPU.Build.0 = Release|Any CPU
		{DF1B3D51-4F8B-4FEA-911D-7D4A49AFCB78}.Debug|Any CPU.ActiveCfg = Debug|Any CPU
		{DF1B3D51-4F8B-4FEA-911D-7D4A49AFCB78}.Debug|Any CPU.Build.0 = Debug|Any CPU
		{DF1B3D51-4F8B-4FEA-911D-7D4A49AFCB78}.Release|Any CPU.ActiveCfg = Release|Any CPU
		{DF1B3D51-4F8B-4FEA-911D-7D4A49AFCB78}.Release|Any CPU.Build.0 = Release|Any CPU
		{80DB8D63-5982-4035-8AA6-7613C55388E8}.Debug|Any CPU.ActiveCfg = Debug|Any CPU
		{80DB8D63-5982-4035-8AA6-7613C55388E8}.Debug|Any CPU.Build.0 = Debug|Any CPU
		{80DB8D63-5982-4035-8AA6-7613C55388E8}.Release|Any CPU.ActiveCfg = Release|Any CPU
		{80DB8D63-5982-4035-8AA6-7613C55388E8}.Release|Any CPU.Build.0 = Release|Any CPU
		{C6659710-4A68-4191-B8DC-8E97D93601EB}.Debug|Any CPU.ActiveCfg = Debug|Any CPU
		{C6659710-4A68-4191-B8DC-8E97D93601EB}.Debug|Any CPU.Build.0 = Debug|Any CPU
		{C6659710-4A68-4191-B8DC-8E97D93601EB}.Release|Any CPU.ActiveCfg = Release|Any CPU
		{C6659710-4A68-4191-B8DC-8E97D93601EB}.Release|Any CPU.Build.0 = Release|Any CPU
	EndGlobalSection
	GlobalSection(SolutionProperties) = preSolution
		HideSolutionNode = FALSE
	EndGlobalSection
	GlobalSection(ExtensibilityGlobals) = postSolution
		SolutionGuid = {6B28B1B0-B6AC-405B-9220-8BEFC8919844}
	EndGlobalSection
EndGlobal
